// !$*UTF8*$!
{
	archiveVersion = 1;
	classes = {
	};
	objectVersion = 48;
	objects = {

/* Begin PBXBuildFile section */
		8B298430201E1FB500785797 /* LogInViewController.swift in Sources */ = {isa = PBXBuildFile; fileRef = 8B29842F201E1FB500785797 /* LogInViewController.swift */; };
		8B557BEB201D1721001FFF25 /* AppDelegate.swift in Sources */ = {isa = PBXBuildFile; fileRef = 8B557BEA201D1721001FFF25 /* AppDelegate.swift */; };
		8B557BED201D1721001FFF25 /* ChattingRoomViewController.swift in Sources */ = {isa = PBXBuildFile; fileRef = 8B557BEC201D1721001FFF25 /* ChattingRoomViewController.swift */; };
		8B557BF0201D1721001FFF25 /* Main.storyboard in Resources */ = {isa = PBXBuildFile; fileRef = 8B557BEE201D1721001FFF25 /* Main.storyboard */; };
		8B557BF2201D1721001FFF25 /* Assets.xcassets in Resources */ = {isa = PBXBuildFile; fileRef = 8B557BF1201D1721001FFF25 /* Assets.xcassets */; };
		8B557BF5201D1721001FFF25 /* LaunchScreen.storyboard in Resources */ = {isa = PBXBuildFile; fileRef = 8B557BF3201D1721001FFF25 /* LaunchScreen.storyboard */; };
		8B557BFD201D17C0001FFF25 /* GoogleService-Info.plist in Resources */ = {isa = PBXBuildFile; fileRef = 8B557BFC201D17C0001FFF25 /* GoogleService-Info.plist */; };
		8BAF2F8C202419A1006F6E83 /* Resources-GoChat in Resources */ = {isa = PBXBuildFile; fileRef = 8BAF2F8B202419A1006F6E83 /* Resources-GoChat */; };
		8BAF2F8E2024D700006F6E83 /* Helper.swift in Sources */ = {isa = PBXBuildFile; fileRef = 8BAF2F8D2024D700006F6E83 /* Helper.swift */; };
		DFDF8E0D9ABF03AAF99A1743 /* Pods_ChattingApp.framework in Frameworks */ = {isa = PBXBuildFile; fileRef = 2F1E0E858D33DE2EF6CC9147 /* Pods_ChattingApp.framework */; };
/* End PBXBuildFile section */

/* Begin PBXFileReference section */
		2F1E0E858D33DE2EF6CC9147 /* Pods_ChattingApp.framework */ = {isa = PBXFileReference; explicitFileType = wrapper.framework; includeInIndex = 0; path = Pods_ChattingApp.framework; sourceTree = BUILT_PRODUCTS_DIR; };
		8B29842F201E1FB500785797 /* LogInViewController.swift */ = {isa = PBXFileReference; lastKnownFileType = sourcecode.swift; path = LogInViewController.swift; sourceTree = "<group>"; };
		8B557BE7201D1721001FFF25 /* ChattingApp.app */ = {isa = PBXFileReference; explicitFileType = wrapper.application; includeInIndex = 0; path = ChattingApp.app; sourceTree = BUILT_PRODUCTS_DIR; };
		8B557BEA201D1721001FFF25 /* AppDelegate.swift */ = {isa = PBXFileReference; lastKnownFileType = sourcecode.swift; path = AppDelegate.swift; sourceTree = "<group>"; };
		8B557BEC201D1721001FFF25 /* ChattingRoomViewController.swift */ = {isa = PBXFileReference; lastKnownFileType = sourcecode.swift; path = ChattingRoomViewController.swift; sourceTree = "<group>"; };
		8B557BEF201D1721001FFF25 /* Base */ = {isa = PBXFileReference; lastKnownFileType = file.storyboard; name = Base; path = Base.lproj/Main.storyboard; sourceTree = "<group>"; };
		8B557BF1201D1721001FFF25 /* Assets.xcassets */ = {isa = PBXFileReference; lastKnownFileType = folder.assetcatalog; path = Assets.xcassets; sourceTree = "<group>"; };
		8B557BF4201D1721001FFF25 /* Base */ = {isa = PBXFileReference; lastKnownFileType = file.storyboard; name = Base; path = Base.lproj/LaunchScreen.storyboard; sourceTree = "<group>"; };
		8B557BF6201D1721001FFF25 /* Info.plist */ = {isa = PBXFileReference; lastKnownFileType = text.plist.xml; path = Info.plist; sourceTree = "<group>"; };
		8B557BFC201D17C0001FFF25 /* GoogleService-Info.plist */ = {isa = PBXFileReference; fileEncoding = 4; lastKnownFileType = text.plist.xml; path = "GoogleService-Info.plist"; sourceTree = "<group>"; };
		8BAF2F8B202419A1006F6E83 /* Resources-GoChat */ = {isa = PBXFileReference; lastKnownFileType = folder; path = "Resources-GoChat"; sourceTree = "<group>"; };
		8BAF2F8D2024D700006F6E83 /* Helper.swift */ = {isa = PBXFileReference; lastKnownFileType = sourcecode.swift; path = Helper.swift; sourceTree = "<group>"; };
		C54EAE5CCFC9A6FF7DEBC63C /* Pods-ChattingApp.release.xcconfig */ = {isa = PBXFileReference; includeInIndex = 1; lastKnownFileType = text.xcconfig; name = "Pods-ChattingApp.release.xcconfig"; path = "Pods/Target Support Files/Pods-ChattingApp/Pods-ChattingApp.release.xcconfig"; sourceTree = "<group>"; };
		D5F729845AE1CA45532625D8 /* Pods-ChattingApp.debug.xcconfig */ = {isa = PBXFileReference; includeInIndex = 1; lastKnownFileType = text.xcconfig; name = "Pods-ChattingApp.debug.xcconfig"; path = "Pods/Target Support Files/Pods-ChattingApp/Pods-ChattingApp.debug.xcconfig"; sourceTree = "<group>"; };
/* End PBXFileReference section */

/* Begin PBXFrameworksBuildPhase section */
		8B557BE4201D1721001FFF25 /* Frameworks */ = {
			isa = PBXFrameworksBuildPhase;
			buildActionMask = 2147483647;
			files = (
				DFDF8E0D9ABF03AAF99A1743 /* Pods_ChattingApp.framework in Frameworks */,
			);
			runOnlyForDeploymentPostprocessing = 0;
		};
/* End PBXFrameworksBuildPhase section */

/* Begin PBXGroup section */
		82B935E27E035128081D640F /* Frameworks */ = {
			isa = PBXGroup;
			children = (
				2F1E0E858D33DE2EF6CC9147 /* Pods_ChattingApp.framework */,
			);
			name = Frameworks;
			sourceTree = "<group>";
		};
		8B557BDE201D1721001FFF25 = {
			isa = PBXGroup;
			children = (
				8B557BE9201D1721001FFF25 /* ChattingApp */,
				8B557BE8201D1721001FFF25 /* Products */,
				A2BD80665C266A215A085253 /* Pods */,
				82B935E27E035128081D640F /* Frameworks */,
			);
			sourceTree = "<group>";
		};
		8B557BE8201D1721001FFF25 /* Products */ = {
			isa = PBXGroup;
			children = (
				8B557BE7201D1721001FFF25 /* ChattingApp.app */,
			);
			name = Products;
			sourceTree = "<group>";
		};
		8B557BE9201D1721001FFF25 /* ChattingApp */ = {
			isa = PBXGroup;
			children = (
				8B557BEA201D1721001FFF25 /* AppDelegate.swift */,
				8BAF2F8D2024D700006F6E83 /* Helper.swift */,
				8B557BEC201D1721001FFF25 /* ChattingRoomViewController.swift */,
				8B557BEE201D1721001FFF25 /* Main.storyboard */,
				8B29842F201E1FB500785797 /* LogInViewController.swift */,
				8BAF2F8B202419A1006F6E83 /* Resources-GoChat */,
				8B557BF1201D1721001FFF25 /* Assets.xcassets */,
				8B557BF3201D1721001FFF25 /* LaunchScreen.storyboard */,
				8B557BFC201D17C0001FFF25 /* GoogleService-Info.plist */,
				8B557BF6201D1721001FFF25 /* Info.plist */,
			);
			path = ChattingApp;
			sourceTree = "<group>";
		};
		A2BD80665C266A215A085253 /* Pods */ = {
			isa = PBXGroup;
			children = (
				D5F729845AE1CA45532625D8 /* Pods-ChattingApp.debug.xcconfig */,
				C54EAE5CCFC9A6FF7DEBC63C /* Pods-ChattingApp.release.xcconfig */,
			);
			name = Pods;
			sourceTree = "<group>";
		};
/* End PBXGroup section */

/* Begin PBXNativeTarget section */
		8B557BE6201D1721001FFF25 /* ChattingApp */ = {
			isa = PBXNativeTarget;
			buildConfigurationList = 8B557BF9201D1721001FFF25 /* Build configuration list for PBXNativeTarget "ChattingApp" */;
			buildPhases = (
				7369A9B6559826ACA15E6EDA /* [CP] Check Pods Manifest.lock */,
				8B557BE3201D1721001FFF25 /* Sources */,
				8B557BE4201D1721001FFF25 /* Frameworks */,
				8B557BE5201D1721001FFF25 /* Resources */,
				1D8487710D0E01B1ED4CA221 /* [CP] Embed Pods Frameworks */,
				183C0D8382690422EB126AAC /* [CP] Copy Pods Resources */,
			);
			buildRules = (
			);
			dependencies = (
			);
			name = ChattingApp;
			productName = ChattingApp;
			productReference = 8B557BE7201D1721001FFF25 /* ChattingApp.app */;
			productType = "com.apple.product-type.application";
		};
/* End PBXNativeTarget section */

/* Begin PBXProject section */
		8B557BDF201D1721001FFF25 /* Project object */ = {
			isa = PBXProject;
			attributes = {
				LastSwiftUpdateCheck = 0910;
				LastUpgradeCheck = 0910;
				ORGANIZATIONNAME = "code schoole";
				TargetAttributes = {
					8B557BE6201D1721001FFF25 = {
						CreatedOnToolsVersion = 9.1;
						ProvisioningStyle = Automatic;
					};
				};
			};
			buildConfigurationList = 8B557BE2201D1721001FFF25 /* Build configuration list for PBXProject "ChattingApp" */;
			compatibilityVersion = "Xcode 8.0";
			developmentRegion = en;
			hasScannedForEncodings = 0;
			knownRegions = (
				en,
				Base,
			);
			mainGroup = 8B557BDE201D1721001FFF25;
			productRefGroup = 8B557BE8201D1721001FFF25 /* Products */;
			projectDirPath = "";
			projectRoot = "";
			targets = (
				8B557BE6201D1721001FFF25 /* ChattingApp */,
			);
		};
/* End PBXProject section */

/* Begin PBXResourcesBuildPhase section */
		8B557BE5201D1721001FFF25 /* Resources */ = {
			isa = PBXResourcesBuildPhase;
			buildActionMask = 2147483647;
			files = (
				8BAF2F8C202419A1006F6E83 /* Resources-GoChat in Resources */,
				8B557BFD201D17C0001FFF25 /* GoogleService-Info.plist in Resources */,
				8B557BF5201D1721001FFF25 /* LaunchScreen.storyboard in Resources */,
				8B557BF2201D1721001FFF25 /* Assets.xcassets in Resources */,
				8B557BF0201D1721001FFF25 /* Main.storyboard in Resources */,
			);
			runOnlyForDeploymentPostprocessing = 0;
		};
/* End PBXResourcesBuildPhase section */

/* Begin PBXShellScriptBuildPhase section */
		183C0D8382690422EB126AAC /* [CP] Copy Pods Resources */ = {
			isa = PBXShellScriptBuildPhase;
			buildActionMask = 2147483647;
			files = (
			);
			inputPaths = (
				"${SRCROOT}/Pods/Target Support Files/Pods-ChattingApp/Pods-ChattingApp-resources.sh",
				"${PODS_ROOT}/GoogleSignIn/Resources/GoogleSignIn.bundle",
			);
			name = "[CP] Copy Pods Resources";
			outputPaths = (
				"${TARGET_BUILD_DIR}/${UNLOCALIZED_RESOURCES_FOLDER_PATH}/GoogleSignIn.bundle",
			);
			runOnlyForDeploymentPostprocessing = 0;
			shellPath = /bin/sh;
			shellScript = "\"${SRCROOT}/Pods/Target Support Files/Pods-ChattingApp/Pods-ChattingApp-resources.sh\"\n";
			showEnvVarsInLog = 0;
		};
		1D8487710D0E01B1ED4CA221 /* [CP] Embed Pods Frameworks */ = {
			isa = PBXShellScriptBuildPhase;
			buildActionMask = 2147483647;
			files = (
			);
			inputPaths = (
				"${SRCROOT}/Pods/Target Support Files/Pods-ChattingApp/Pods-ChattingApp-frameworks.sh",
				"${BUILT_PRODUCTS_DIR}/GTMOAuth2/GTMOAuth2.framework",
				"${BUILT_PRODUCTS_DIR}/GTMSessionFetcher/GTMSessionFetcher.framework",
				"${BUILT_PRODUCTS_DIR}/GoogleToolboxForMac/GoogleToolboxForMac.framework",
				"${BUILT_PRODUCTS_DIR}/JSQMessagesViewController/JSQMessagesViewController.framework",
				"${BUILT_PRODUCTS_DIR}/JSQSystemSoundPlayer/JSQSystemSoundPlayer.framework",
				"${BUILT_PRODUCTS_DIR}/leveldb-library/leveldb.framework",
				"${BUILT_PRODUCTS_DIR}/nanopb/nanopb.framework",
			);
			name = "[CP] Embed Pods Frameworks";
			outputPaths = (
				"${TARGET_BUILD_DIR}/${FRAMEWORKS_FOLDER_PATH}/GTMOAuth2.framework",
				"${TARGET_BUILD_DIR}/${FRAMEWORKS_FOLDER_PATH}/GTMSessionFetcher.framework",
				"${TARGET_BUILD_DIR}/${FRAMEWORKS_FOLDER_PATH}/GoogleToolboxForMac.framework",
				"${TARGET_BUILD_DIR}/${FRAMEWORKS_FOLDER_PATH}/JSQMessagesViewController.framework",
				"${TARGET_BUILD_DIR}/${FRAMEWORKS_FOLDER_PATH}/JSQSystemSoundPlayer.framework",
				"${TARGET_BUILD_DIR}/${FRAMEWORKS_FOLDER_PATH}/leveldb.framework",
				"${TARGET_BUILD_DIR}/${FRAMEWORKS_FOLDER_PATH}/nanopb.framework",
			);
			runOnlyForDeploymentPostprocessing = 0;
			shellPath = /bin/sh;
			shellScript = "\"${SRCROOT}/Pods/Target Support Files/Pods-ChattingApp/Pods-ChattingApp-frameworks.sh\"\n";
			showEnvVarsInLog = 0;
		};
		7369A9B6559826ACA15E6EDA /* [CP] Check Pods Manifest.lock */ = {
			isa = PBXShellScriptBuildPhase;
			buildActionMask = 2147483647;
			files = (
			);
			inputPaths = (
				"${PODS_PODFILE_DIR_PATH}/Podfile.lock",
				"${PODS_ROOT}/Manifest.lock",
			);
			name = "[CP] Check Pods Manifest.lock";
			outputPaths = (
				"$(DERIVED_FILE_DIR)/Pods-ChattingApp-checkManifestLockResult.txt",
			);
			runOnlyForDeploymentPostprocessing = 0;
			shellPath = /bin/sh;
			shellScript = "diff \"${PODS_PODFILE_DIR_PATH}/Podfile.lock\" \"${PODS_ROOT}/Manifest.lock\" > /dev/null\nif [ $? != 0 ] ; then\n    # print error to STDERR\n    echo \"error: The sandbox is not in sync with the Podfile.lock. Run 'pod install' or update your CocoaPods installation.\" >&2\n    exit 1\nfi\n# This output is used by Xcode 'outputs' to avoid re-running this script phase.\necho \"SUCCESS\" > \"${SCRIPT_OUTPUT_FILE_0}\"\n";
			showEnvVarsInLog = 0;
		};
/* End PBXShellScriptBuildPhase section */

/* Begin PBXSourcesBuildPhase section */
		8B557BE3201D1721001FFF25 /* Sources */ = {
			isa = PBXSourcesBuildPhase;
			buildActionMask = 2147483647;
			files = (
				8B557BED201D1721001FFF25 /* ChattingRoomViewController.swift in Sources */,
				8B298430201E1FB500785797 /* LogInViewController.swift in Sources */,
				8B557BEB201D1721001FFF25 /* AppDelegate.swift in Sources */,
				8BAF2F8E2024D700006F6E83 /* Helper.swift in Sources */,
			);
			runOnlyForDeploymentPostprocessing = 0;
		};
/* End PBXSourcesBuildPhase section */

/* Begin PBXVariantGroup section */
		8B557BEE201D1721001FFF25 /* Main.storyboard */ = {
			isa = PBXVariantGroup;
			children = (
				8B557BEF201D1721001FFF25 /* Base */,
			);
			name = Main.storyboard;
			sourceTree = "<group>";
		};
		8B557BF3201D1721001FFF25 /* LaunchScreen.storyboard */ = {
			isa = PBXVariantGroup;
			children = (
				8B557BF4201D1721001FFF25 /* Base */,
			);
			name = LaunchScreen.storyboard;
			sourceTree = "<group>";
		};
/* End PBXVariantGroup section */

/* Begin XCBuildConfiguration section */
		8B557BF7201D1721001FFF25 /* Debug */ = {
			isa = XCBuildConfiguration;
			buildSettings = {
				ALWAYS_SEARCH_USER_PATHS = NO;
				CLANG_ANALYZER_NONNULL = YES;
				CLANG_ANALYZER_NUMBER_OBJECT_CONVERSION = YES_AGGRESSIVE;
				CLANG_CXX_LANGUAGE_STANDARD = "gnu++14";
				CLANG_CXX_LIBRARY = "libc++";
				CLANG_ENABLE_MODULES = YES;
				CLANG_ENABLE_OBJC_ARC = YES;
				CLANG_WARN_BLOCK_CAPTURE_AUTORELEASING = YES;
				CLANG_WARN_BOOL_CONVERSION = YES;
				CLANG_WARN_COMMA = YES;
				CLANG_WARN_CONSTANT_CONVERSION = YES;
				CLANG_WARN_DIRECT_OBJC_ISA_USAGE = YES_ERROR;
				CLANG_WARN_DOCUMENTATION_COMMENTS = YES;
				CLANG_WARN_EMPTY_BODY = YES;
				CLANG_WARN_ENUM_CONVERSION = YES;
				CLANG_WARN_INFINITE_RECURSION = YES;
				CLANG_WARN_INT_CONVERSION = YES;
				CLANG_WARN_NON_LITERAL_NULL_CONVERSION = YES;
				CLANG_WARN_OBJC_LITERAL_CONVERSION = YES;
				CLANG_WARN_OBJC_ROOT_CLASS = YES_ERROR;
				CLANG_WARN_RANGE_LOOP_ANALYSIS = YES;
				CLANG_WARN_STRICT_PROTOTYPES = YES;
				CLANG_WARN_SUSPICIOUS_MOVE = YES;
				CLANG_WARN_UNGUARDED_AVAILABILITY = YES_AGGRESSIVE;
				CLANG_WARN_UNREACHABLE_CODE = YES;
				CLANG_WARN__DUPLICATE_METHOD_MATCH = YES;
				CODE_SIGN_IDENTITY = "iPhone Developer";
				COPY_PHASE_STRIP = NO;
				DEBUG_INFORMATION_FORMAT = dwarf;
				ENABLE_STRICT_OBJC_MSGSEND = YES;
				ENABLE_TESTABILITY = YES;
				GCC_C_LANGUAGE_STANDARD = gnu11;
				GCC_DYNAMIC_NO_PIC = NO;
				GCC_NO_COMMON_BLOCKS = YES;
				GCC_OPTIMIZATION_LEVEL = 0;
				GCC_PREPROCESSOR_DEFINITIONS = (
					"DEBUG=1",
					"$(inherited)",
				);
				GCC_WARN_64_TO_32_BIT_CONVERSION = YES;
				GCC_WARN_ABOUT_RETURN_TYPE = YES_ERROR;
				GCC_WARN_UNDECLARED_SELECTOR = YES;
				GCC_WARN_UNINITIALIZED_AUTOS = YES_AGGRESSIVE;
				GCC_WARN_UNUSED_FUNCTION = YES;
				GCC_WARN_UNUSED_VARIABLE = YES;
				IPHONEOS_DEPLOYMENT_TARGET = 11.1;
				MTL_ENABLE_DEBUG_INFO = YES;
				ONLY_ACTIVE_ARCH = YES;
				SDKROOT = iphoneos;
				SWIFT_ACTIVE_COMPILATION_CONDITIONS = DEBUG;
				SWIFT_OPTIMIZATION_LEVEL = "-Onone";
			};
			name = Debug;
		};
		8B557BF8201D1721001FFF25 /* Release */ = {
			isa = XCBuildConfiguration;
			buildSettings = {
				ALWAYS_SEARCH_USER_PATHS = NO;
				CLANG_ANALYZER_NONNULL = YES;
				CLANG_ANALYZER_NUMBER_OBJECT_CONVERSION = YES_AGGRESSIVE;
				CLANG_CXX_LANGUAGE_STANDARD = "gnu++14";
				CLANG_CXX_LIBRARY = "libc++";
				CLANG_ENABLE_MODULES = YES;
				CLANG_ENABLE_OBJC_ARC = YES;
				CLANG_WARN_BLOCK_CAPTURE_AUTORELEASING = YES;
				CLANG_WARN_BOOL_CONVERSION = YES;
				CLANG_WARN_COMMA = YES;
				CLANG_WARN_CONSTANT_CONVERSION = YES;
				CLANG_WARN_DIRECT_OBJC_ISA_USAGE = YES_ERROR;
				CLANG_WARN_DOCUMENTATION_COMMENTS = YES;
				CLANG_WARN_EMPTY_BODY = YES;
				CLANG_WARN_ENUM_CONVERSION = YES;
				CLANG_WARN_INFINITE_RECURSION = YES;
				CLANG_WARN_INT_CONVERSION = YES;
				CLANG_WARN_NON_LITERAL_NULL_CONVERSION = YES;
				CLANG_WARN_OBJC_LITERAL_CONVERSION = YES;
				CLANG_WARN_OBJC_ROOT_CLASS = YES_ERROR;
				CLANG_WARN_RANGE_LOOP_ANALYSIS = YES;
				CLANG_WARN_STRICT_PROTOTYPES = YES;
				CLANG_WARN_SUSPICIOUS_MOVE = YES;
				CLANG_WARN_UNGUARDED_AVAILABILITY = YES_AGGRESSIVE;
				CLANG_WARN_UNREACHABLE_CODE = YES;
				CLANG_WARN__DUPLICATE_METHOD_MATCH = YES;
				CODE_SIGN_IDENTITY = "iPhone Developer";
				COPY_PHASE_STRIP = NO;
				DEBUG_INFORMATION_FORMAT = "dwarf-with-dsym";
				ENABLE_NS_ASSERTIONS = NO;
				ENABLE_STRICT_OBJC_MSGSEND = YES;
				GCC_C_LANGUAGE_STANDARD = gnu11;
				GCC_NO_COMMON_BLOCKS = YES;
				GCC_WARN_64_TO_32_BIT_CONVERSION = YES;
				GCC_WARN_ABOUT_RETURN_TYPE = YES_ERROR;
				GCC_WARN_UNDECLARED_SELECTOR = YES;
				GCC_WARN_UNINITIALIZED_AUTOS = YES_AGGRESSIVE;
				GCC_WARN_UNUSED_FUNCTION = YES;
				GCC_WARN_UNUSED_VARIABLE = YES;
				IPHONEOS_DEPLOYMENT_TARGET = 11.1;
				MTL_ENABLE_DEBUG_INFO = NO;
				SDKROOT = iphoneos;
				SWIFT_OPTIMIZATION_LEVEL = "-Owholemodule";
				VALIDATE_PRODUCT = YES;
			};
			name = Release;
		};
		8B557BFA201D1721001FFF25 /* Debug */ = {
			isa = XCBuildConfiguration;
			baseConfigurationReference = D5F729845AE1CA45532625D8 /* Pods-ChattingApp.debug.xcconfig */;
			buildSettings = {
				ASSETCATALOG_COMPILER_APPICON_NAME = AppIcon;
				CODE_SIGN_STYLE = Automatic;
				INFOPLIST_FILE = ChattingApp/Info.plist;
				LD_RUNPATH_SEARCH_PATHS = "$(inherited) @executable_path/Frameworks";
				PRODUCT_BUNDLE_IDENTIFIER = com.codeschool.ChattingApp;
				PRODUCT_NAME = "$(TARGET_NAME)";
				SWIFT_VERSION = 4.0;
				TARGETED_DEVICE_FAMILY = "1,2";
			};
			name = Debug;
		};
		8B557BFB201D1721001FFF25 /* Release */ = {
			isa = XCBuildConfiguration;
			baseConfigurationReference = C54EAE5CCFC9A6FF7DEBC63C /* Pods-ChattingApp.release.xcconfig */;
			buildSettings = {
				ASSETCATALOG_COMPILER_APPICON_NAME = AppIcon;
				CODE_SIGN_STYLE = Automatic;
				INFOPLIST_FILE = ChattingApp/Info.plist;
				LD_RUNPATH_SEARCH_PATHS = "$(inherited) @executable_path/Frameworks";
				PRODUCT_BUNDLE_IDENTIFIER = com.codeschool.ChattingApp;
				PRODUCT_NAME = "$(TARGET_NAME)";
				SWIFT_VERSION = 4.0;
				TARGETED_DEVICE_FAMILY = "1,2";
			};
			name = Release;
		};
/* End XCBuildConfiguration section */

/* Begin XCConfigurationList section */
		8B557BE2201D1721001FFF25 /* Build configuration list for PBXProject "ChattingApp" */ = {
			isa = XCConfigurationList;
			buildConfigurations = (
				8B557BF7201D1721001FFF25 /* Debug */,
				8B557BF8201D1721001FFF25 /* Release */,
			);
			defaultConfigurationIsVisible = 0;
			defaultConfigurationName = Release;
		};
		8B557BF9201D1721001FFF25 /* Build configuration list for PBXNativeTarget "ChattingApp" */ = {
			isa = XCConfigurationList;
			buildConfigurations = (
				8B557BFA201D1721001FFF25 /* Debug */,
				8B557BFB201D1721001FFF25 /* Release */,
			);
			defaultConfigurationIsVisible = 0;
			defaultConfigurationName = Release;
		};
/* End XCConfigurationList section */
	};
	rootObject = 8B557BDF201D1721001FFF25 /* Project object */;
}
